
Microsoft Visual Studio Solution File, Format Version 12.00
# Visual Studio Version 17
VisualStudioVersion = 17.2.32505.173
MinimumVisualStudioVersion = 10.0.40219.1
Project("{FAE04EC0-301F-11D3-BF4B-00C04F79EFBC}") = "Localmarket_App", "Localmarket_App\Localmarket_App.csproj", "{202BE0E4-B989-4476-B2BE-4DA74F1D812E}"
EndProject
Project("{FAE04EC0-301F-11D3-BF4B-00C04F79EFBC}") = "Localmarket_AppTests", "Localmarket_AppTests\Localmarket_AppTests.csproj", "{CBA9D455-B1A5-4146-8458-69153D6A30B7}"
EndProject
Global
	GlobalSection(SolutionConfigurationPlatforms) = preSolution
		Debug|Any CPU = Debug|Any CPU
		Release|Any CPU = Release|Any CPU
	EndGlobalSection
	GlobalSection(ProjectConfigurationPlatforms) = postSolution
		{202BE0E4-B989-4476-B2BE-4DA74F1D812E}.Debug|Any CPU.ActiveCfg = Debug|Any CPU
		{202BE0E4-B989-4476-B2BE-4DA74F1D812E}.Debug|Any CPU.Build.0 = Debug|Any CPU
		{202BE0E4-B989-4476-B2BE-4DA74F1D812E}.Release|Any CPU.ActiveCfg = Release|Any CPU
		{202BE0E4-B989-4476-B2BE-4DA74F1D812E}.Release|Any CPU.Build.0 = Release|Any CPU
		{CBA9D455-B1A5-4146-8458-69153D6A30B7}.Debug|Any CPU.ActiveCfg = Debug|Any CPU
		{CBA9D455-B1A5-4146-8458-69153D6A30B7}.Debug|Any CPU.Build.0 = Debug|Any CPU
		{CBA9D455-B1A5-4146-8458-69153D6A30B7}.Release|Any CPU.ActiveCfg = Release|Any CPU
		{CBA9D455-B1A5-4146-8458-69153D6A30B7}.Release|Any CPU.Build.0 = Release|Any CPU
	EndGlobalSection
	GlobalSection(SolutionProperties) = preSolution
		HideSolutionNode = FALSE
	EndGlobalSection
	GlobalSection(ExtensibilityGlobals) = postSolution
		SolutionGuid = {83253562-1D97-4EED-94D0-7A5095DF4474}
	EndGlobalSection
EndGlobal
